<?xml version="1.0" encoding="utf-8"?>
<Project ToolsVersion="4.0" xmlns="http://schemas.microsoft.com/developer/msbuild/2003">
  <ItemGroup>
    <Filter Include="Source Files">
      <UniqueIdentifier>{4FC737F1-C7A5-4376-A066-2A32D752A2FF}</UniqueIdentifier>
      <Extensions>cpp;c;cc;cxx;c++;cppm;ixx;def;odl;idl;hpj;bat;asm;asmx</Extensions>
    </Filter>
    <Filter Include="Header Files">
      <UniqueIdentifier>{93995380-89BD-4b04-88EB-625FBE52EBFB}</UniqueIdentifier>
      <Extensions>h;hh;hpp;hxx;h++;hm;inl;inc;ipp;xsd</Extensions>
    </Filter>
    <Filter Include="Resource Files">
      <UniqueIdentifier>{67DA6AB6-F800-4c08-8B7A-83BB121AAD01}</UniqueIdentifier>
      <Extensions>rc;ico;cur;bmp;dlg;rc2;rct;bin;rgs;gif;jpg;jpeg;jpe;resx;tiff;tif;png;wav;mfcribbon-ms</Extensions>
    </Filter>
    <Filter Include="Resource Files\ImGui">
      <UniqueIdentifier>{9ca653c8-891e-4614-8fd8-2457eb718858}</UniqueIdentifier>
    </Filter>
    <Filter Include="Resource Files\glad">
      <UniqueIdentifier>{eeec2bb2-ea15-42db-bb45-2d59da8c5a81}</UniqueIdentifier>
    </Filter>
    <Filter Include="Resource Files\stb">
      <UniqueIdentifier>{50982d68-e5d9-4ee2-aaee-3804fbe67f66}</UniqueIdentifier>
    </Filter>
    <Filter Include="Header Files\core">
      <UniqueIdentifier>{903b4ad6-d809-4f9d-ba38-79620449795c}</UniqueIdentifier>
    </Filter>
    <Filter Include="Header Files\core\gfx">
      <UniqueIdentifier>{eeacba53-1209-4a74-a060-d70eb5c76144}</UniqueIdentifier>
    </Filter>
    <Filter Include="Resource Files\shaders">
      <UniqueIdentifier>{5a063885-9cc1-43e5-b022-e1611079bdb1}</UniqueIdentifier>
    </Filter>
  </ItemGroup>
  <ItemGroup>
    <ClCompile Include="Main.cpp">
      <Filter>Source Files</Filter>
    </ClCompile>
    <ClCompile Include="imgui_demo.cpp">
      <Filter>Resource Files\ImGui</Filter>
    </ClCompile>
    <ClCompile Include="imgui.cpp">
      <Filter>Resource Files\ImGui</Filter>
    </ClCompile>
    <ClCompile Include="imgui_draw.cpp">
      <Filter>Resource Files\ImGui</Filter>
    </ClCompile>
    <ClCompile Include="imgui_impl_glfw.cpp">
      <Filter>Resource Files\ImGui</Filter>
    </ClCompile>
    <ClCompile Include="imgui_impl_opengl3.cpp">
      <Filter>Resource Files\ImGui</Filter>
    </ClCompile>
    <ClCompile Include="imgui_tables.cpp">
      <Filter>Resource Files\ImGui</Filter>
    </ClCompile>
    <ClCompile Include="imgui_widgets.cpp">
      <Filter>Resource Files\ImGui</Filter>
    </ClCompile>
    <ClCompile Include="glad.cpp">
      <Filter>Resource Files\glad</Filter>
    </ClCompile>
    <ClCompile Include="stb.cpp">
      <Filter>Resource Files\stb</Filter>
    </ClCompile>
    <ClCompile Include="Voxel.cpp">
      <Filter>Source Files</Filter>
    </ClCompile>
  </ItemGroup>
  <ItemGroup>
    <ClInclude Include="VertexArray.h">
      <Filter>Header Files\core\gfx</Filter>
    </ClInclude>
    <ClInclude Include="Shader.h">
      <Filter>Header Files\core\gfx</Filter>
    </ClInclude>
    <ClInclude Include="VertexBufferLayout.h">
      <Filter>Header Files\core\gfx</Filter>
    </ClInclude>
    <ClInclude Include="Types.h">
      <Filter>Header Files\core</Filter>
    </ClInclude>
    <ClInclude Include="Math.h">
      <Filter>Header Files\core</Filter>
    </ClInclude>
    <ClInclude Include="Window.h">
      <Filter>Header Files\core</Filter>
    </ClInclude>
    <ClInclude Include="VertexBuffer.h">
      <Filter>Header Files\core\gfx</Filter>
    </ClInclude>
    <ClInclude Include="IndexBuffer.h">
      <Filter>Header Files\core\gfx</Filter>
    </ClInclude>
    <ClInclude Include="Logger.h">
      <Filter>Header Files\core</Filter>
    </ClInclude>
    <ClInclude Include="Utils.h">
      <Filter>Header Files\core</Filter>
    </ClInclude>
    <ClInclude Include="GUI.h">
      <Filter>Header Files\core</Filter>
    </ClInclude>
    <ClInclude Include="Camera.h">
      <Filter>Header Files\core</Filter>
    </ClInclude>
    <ClInclude Include="Easing.h">
      <Filter>Header Files\core</Filter>
    </ClInclude>
    <ClInclude Include="Voxel.h">
      <Filter>Header Files</Filter>
    </ClInclude>
  </ItemGroup>
  <ItemGroup>
    <None Include="assets\shaders\frag.glsl">
      <Filter>Resource Files\shaders</Filter>
    </None>
    <None Include="assets\shaders\vert.glsl">
      <Filter>Resource Files\shaders</Filter>
    </None>
  </ItemGroup>
</Project>